
Microsoft Visual Studio Solution File, Format Version 12.00
# Visual Studio Version 17
VisualStudioVersion = 17.13.35806.99 d17.13
MinimumVisualStudioVersion = 10.0.40219.1
Project("{FAE04EC0-301F-11D3-BF4B-00C04F79EFBC}") = "Acunmedya Odev-Mayıs", "Acunmedya Odev-Mayıs\Acunmedya Odev-Mayıs.csproj", "{73E2B410-6EEB-4997-A952-718D6E418555}"
EndProject
Global
	GlobalSection(SolutionConfigurationPlatforms) = preSolution
		Debug|Any CPU = Debug|Any CPU
		Release|Any CPU = Release|Any CPU
	EndGlobalSection
	GlobalSection(ProjectConfigurationPlatforms) = postSolution
		{73E2B410-6EEB-4997-A952-718D6E418555}.Debug|Any CPU.ActiveCfg = Debug|Any CPU
		{73E2B410-6EEB-4997-A952-718D6E418555}.Debug|Any CPU.Build.0 = Debug|Any CPU
		{73E2B410-6EEB-4997-A952-718D6E418555}.Release|Any CPU.ActiveCfg = Release|Any CPU
		{73E2B410-6EEB-4997-A952-718D6E418555}.Release|Any CPU.Build.0 = Release|Any CPU
	EndGlobalSection
	GlobalSection(SolutionProperties) = preSolution
		HideSolutionNode = FALSE
	EndGlobalSection
	GlobalSection(ExtensibilityGlobals) = postSolution
		SolutionGuid = {F8BBF43E-43FD-457D-9C65-92E9B42153B4}
	EndGlobalSection
EndGlobal
